// !$*UTF8*$!
{
	archiveVersion = 1;
	classes = {
	};
	objectVersion = 46;
	objects = {

/* Begin PBXBuildFile section */
		2D04B24815901396006A1114 /* CFNetwork.framework in Frameworks */ = {isa = PBXBuildFile; fileRef = 2D04B24715901396006A1114 /* CFNetwork.framework */; };
		2D04B253159016A5006A1114 /* SystemConfiguration.framework in Frameworks */ = {isa = PBXBuildFile; fileRef = 2D04B252159016A5006A1114 /* SystemConfiguration.framework */; };
		2D04B25B15902359006A1114 /* CoreLocation.framework in Frameworks */ = {isa = PBXBuildFile; fileRef = 2D04B25A15902359006A1114 /* CoreLocation.framework */; };
		2D04B25E15902397006A1114 /* LocationHandler.m in Sources */ = {isa = PBXBuildFile; fileRef = 2D04B25D15902397006A1114 /* LocationHandler.m */; };
		2D28C65F15965619007CBDD3 /* CXMLDocument_CreationExtensions.m in Sources */ = {isa = PBXBuildFile; fileRef = 2D28C64415965619007CBDD3 /* CXMLDocument_CreationExtensions.m */; };
		2D28C66015965619007CBDD3 /* CXMLNode_CreationExtensions.m in Sources */ = {isa = PBXBuildFile; fileRef = 2D28C64615965619007CBDD3 /* CXMLNode_CreationExtensions.m */; };
		2D28C66115965619007CBDD3 /* CXHTMLDocument.m in Sources */ = {isa = PBXBuildFile; fileRef = 2D28C64815965619007CBDD3 /* CXHTMLDocument.m */; };
		2D28C66215965619007CBDD3 /* CXMLDocument_PrivateExtensions.m in Sources */ = {isa = PBXBuildFile; fileRef = 2D28C64A15965619007CBDD3 /* CXMLDocument_PrivateExtensions.m */; };
		2D28C66315965619007CBDD3 /* CXMLDocument.m in Sources */ = {isa = PBXBuildFile; fileRef = 2D28C64C15965619007CBDD3 /* CXMLDocument.m */; };
		2D28C66415965619007CBDD3 /* CXMLElement_CreationExtensions.m in Sources */ = {isa = PBXBuildFile; fileRef = 2D28C64E15965619007CBDD3 /* CXMLElement_CreationExtensions.m */; };
		2D28C66515965619007CBDD3 /* CXMLElement_ElementTreeExtensions.m in Sources */ = {isa = PBXBuildFile; fileRef = 2D28C65015965619007CBDD3 /* CXMLElement_ElementTreeExtensions.m */; };
		2D28C66615965619007CBDD3 /* CXMLElement.m in Sources */ = {isa = PBXBuildFile; fileRef = 2D28C65215965619007CBDD3 /* CXMLElement.m */; };
		2D28C66715965619007CBDD3 /* CXMLNamespaceNode.m in Sources */ = {isa = PBXBuildFile; fileRef = 2D28C65415965619007CBDD3 /* CXMLNamespaceNode.m */; };
		2D28C66815965619007CBDD3 /* CXMLNode_PrivateExtensions.m in Sources */ = {isa = PBXBuildFile; fileRef = 2D28C65615965619007CBDD3 /* CXMLNode_PrivateExtensions.m */; };
		2D28C66915965619007CBDD3 /* CXMLNode_XPathExtensions.m in Sources */ = {isa = PBXBuildFile; fileRef = 2D28C65815965619007CBDD3 /* CXMLNode_XPathExtensions.m */; };
		2D28C66A15965619007CBDD3 /* CXMLNode.m in Sources */ = {isa = PBXBuildFile; fileRef = 2D28C65A15965619007CBDD3 /* CXMLNode.m */; };
		2D28C66B15965619007CBDD3 /* CTidy.m in Sources */ = {isa = PBXBuildFile; fileRef = 2D28C65D15965619007CBDD3 /* CTidy.m */; };
		2D28C66E159660CF007CBDD3 /* WeatherViewController.m in Sources */ = {isa = PBXBuildFile; fileRef = 2D28C66D159660CE007CBDD3 /* WeatherViewController.m */; };
		2D28C6711596618F007CBDD3 /* WeatherView.m in Sources */ = {isa = PBXBuildFile; fileRef = 2D28C6701596618F007CBDD3 /* WeatherView.m */; };
		2D28C67415966BF7007CBDD3 /* WeatherParser.m in Sources */ = {isa = PBXBuildFile; fileRef = 2D28C67315966BF7007CBDD3 /* WeatherParser.m */; };
		2D3C670D159007AA00082F80 /* NetworkHandler.m in Sources */ = {isa = PBXBuildFile; fileRef = 2D3C670C159007AA00082F80 /* NetworkHandler.m */; };
		2D793D95158E4C6D001A1ADB /* UIKit.framework in Frameworks */ = {isa = PBXBuildFile; fileRef = 2D793D94158E4C6D001A1ADB /* UIKit.framework */; };
		2D793D97158E4C6D001A1ADB /* Foundation.framework in Frameworks */ = {isa = PBXBuildFile; fileRef = 2D793D96158E4C6D001A1ADB /* Foundation.framework */; };
		2D793D99158E4C6D001A1ADB /* CoreGraphics.framework in Frameworks */ = {isa = PBXBuildFile; fileRef = 2D793D98158E4C6D001A1ADB /* CoreGraphics.framework */; };
		2D793D9B158E4C6D001A1ADB /* CoreData.framework in Frameworks */ = {isa = PBXBuildFile; fileRef = 2D793D9A158E4C6D001A1ADB /* CoreData.framework */; };
		2D793DA1158E4C6D001A1ADB /* InfoPlist.strings in Resources */ = {isa = PBXBuildFile; fileRef = 2D793D9F158E4C6D001A1ADB /* InfoPlist.strings */; };
		2D793DA3158E4C6D001A1ADB /* main.m in Sources */ = {isa = PBXBuildFile; fileRef = 2D793DA2158E4C6D001A1ADB /* main.m */; };
		2D793DAA158E4C6D001A1ADB /* Pixel_Weather.xcdatamodeld in Sources */ = {isa = PBXBuildFile; fileRef = 2D793DA8158E4C6D001A1ADB /* Pixel_Weather.xcdatamodeld */; };
		2D793DB2158E4C6D001A1ADB /* SenTestingKit.framework in Frameworks */ = {isa = PBXBuildFile; fileRef = 2D793DB1158E4C6D001A1ADB /* SenTestingKit.framework */; };
		2D793DB3158E4C6D001A1ADB /* UIKit.framework in Frameworks */ = {isa = PBXBuildFile; fileRef = 2D793D94158E4C6D001A1ADB /* UIKit.framework */; };
		2D793DB4158E4C6D001A1ADB /* Foundation.framework in Frameworks */ = {isa = PBXBuildFile; fileRef = 2D793D96158E4C6D001A1ADB /* Foundation.framework */; };
		2D793DB5158E4C6D001A1ADB /* CoreData.framework in Frameworks */ = {isa = PBXBuildFile; fileRef = 2D793D9A158E4C6D001A1ADB /* CoreData.framework */; };
		2D793DBD158E4C6E001A1ADB /* InfoPlist.strings in Resources */ = {isa = PBXBuildFile; fileRef = 2D793DBB158E4C6E001A1ADB /* InfoPlist.strings */; };
		2D793DC0158E4C6E001A1ADB /* Pixel_WeatherTests.m in Sources */ = {isa = PBXBuildFile; fileRef = 2D793DBF158E4C6E001A1ADB /* Pixel_WeatherTests.m */; };
		2D793DD0158E623F001A1ADB /* LoadingController.m in Sources */ = {isa = PBXBuildFile; fileRef = 2D793DCF158E623F001A1ADB /* LoadingController.m */; };
		2D9807D315AE8BE500A99DDE /* WeatherTable.m in Sources */ = {isa = PBXBuildFile; fileRef = 2D9807D215AE8BE400A99DDE /* WeatherTable.m */; };
		2D9BB23B158E716D002E6694 /* alterebro-pixel-font.ttf in Resources */ = {isa = PBXBuildFile; fileRef = 2D9BB23A158E716D002E6694 /* alterebro-pixel-font.ttf */; };
		2D9BB23C158E716D002E6694 /* alterebro-pixel-font.ttf in Resources */ = {isa = PBXBuildFile; fileRef = 2D9BB23A158E716D002E6694 /* alterebro-pixel-font.ttf */; };
		2DF95DF0158E660C0067C439 /* PixelWeatherAppDelegate.m in Sources */ = {isa = PBXBuildFile; fileRef = 2DF95DEF158E660C0067C439 /* PixelWeatherAppDelegate.m */; };
/* End PBXBuildFile section */

/* Begin PBXContainerItemProxy section */
		2D793DB6158E4C6E001A1ADB /* PBXContainerItemProxy */ = {
			isa = PBXContainerItemProxy;
			containerPortal = 2D793D87158E4C6C001A1ADB /* Project object */;
			proxyType = 1;
			remoteGlobalIDString = 2D793D8F158E4C6C001A1ADB;
			remoteInfo = "Pixel Weather";
		};
/* End PBXContainerItemProxy section */

/* Begin PBXFileReference section */
		2D04B24715901396006A1114 /* CFNetwork.framework */ = {isa = PBXFileReference; lastKnownFileType = wrapper.framework; path = CFNetwork.framework; sourceTree = "<group>"; };
		2D04B252159016A5006A1114 /* SystemConfiguration.framework */ = {isa = PBXFileReference; lastKnownFileType = wrapper.framework; name = SystemConfiguration.framework; path = System/Library/Frameworks/SystemConfiguration.framework; sourceTree = SDKROOT; };
		2D04B25A15902359006A1114 /* CoreLocation.framework */ = {isa = PBXFileReference; lastKnownFileType = wrapper.framework; name = CoreLocation.framework; path = System/Library/Frameworks/CoreLocation.framework; sourceTree = SDKROOT; };
		2D04B25C15902397006A1114 /* LocationHandler.h */ = {isa = PBXFileReference; fileEncoding = 4; lastKnownFileType = sourcecode.c.h; path = LocationHandler.h; sourceTree = "<group>"; };
		2D04B25D15902397006A1114 /* LocationHandler.m */ = {isa = PBXFileReference; fileEncoding = 4; lastKnownFileType = sourcecode.c.objc; path = LocationHandler.m; sourceTree = "<group>"; };
		2D28C64315965619007CBDD3 /* CXMLDocument_CreationExtensions.h */ = {isa = PBXFileReference; fileEncoding = 4; lastKnownFileType = sourcecode.c.h; path = CXMLDocument_CreationExtensions.h; sourceTree = "<group>"; };
		2D28C64415965619007CBDD3 /* CXMLDocument_CreationExtensions.m */ = {isa = PBXFileReference; fileEncoding = 4; lastKnownFileType = sourcecode.c.objc; path = CXMLDocument_CreationExtensions.m; sourceTree = "<group>"; };
		2D28C64515965619007CBDD3 /* CXMLNode_CreationExtensions.h */ = {isa = PBXFileReference; fileEncoding = 4; lastKnownFileType = sourcecode.c.h; path = CXMLNode_CreationExtensions.h; sourceTree = "<group>"; };
		2D28C64615965619007CBDD3 /* CXMLNode_CreationExtensions.m */ = {isa = PBXFileReference; fileEncoding = 4; lastKnownFileType = sourcecode.c.objc; path = CXMLNode_CreationExtensions.m; sourceTree = "<group>"; };
		2D28C64715965619007CBDD3 /* CXHTMLDocument.h */ = {isa = PBXFileReference; fileEncoding = 4; lastKnownFileType = sourcecode.c.h; path = CXHTMLDocument.h; sourceTree = "<group>"; };
		2D28C64815965619007CBDD3 /* CXHTMLDocument.m */ = {isa = PBXFileReference; fileEncoding = 4; lastKnownFileType = sourcecode.c.objc; path = CXHTMLDocument.m; sourceTree = "<group>"; };
		2D28C64915965619007CBDD3 /* CXMLDocument_PrivateExtensions.h */ = {isa = PBXFileReference; fileEncoding = 4; lastKnownFileType = sourcecode.c.h; path = CXMLDocument_PrivateExtensions.h; sourceTree = "<group>"; };
		2D28C64A15965619007CBDD3 /* CXMLDocument_PrivateExtensions.m */ = {isa = PBXFileReference; fileEncoding = 4; lastKnownFileType = sourcecode.c.objc; path = CXMLDocument_PrivateExtensions.m; sourceTree = "<group>"; };
		2D28C64B15965619007CBDD3 /* CXMLDocument.h */ = {isa = PBXFileReference; fileEncoding = 4; lastKnownFileType = sourcecode.c.h; path = CXMLDocument.h; sourceTree = "<group>"; };
		2D28C64C15965619007CBDD3 /* CXMLDocument.m */ = {isa = PBXFileReference; fileEncoding = 4; lastKnownFileType = sourcecode.c.objc; path = CXMLDocument.m; sourceTree = "<group>"; };
		2D28C64D15965619007CBDD3 /* CXMLElement_CreationExtensions.h */ = {isa = PBXFileReference; fileEncoding = 4; lastKnownFileType = sourcecode.c.h; path = CXMLElement_CreationExtensions.h; sourceTree = "<group>"; };
		2D28C64E15965619007CBDD3 /* CXMLElement_CreationExtensions.m */ = {isa = PBXFileReference; fileEncoding = 4; lastKnownFileType = sourcecode.c.objc; path = CXMLElement_CreationExtensions.m; sourceTree = "<group>"; };
		2D28C64F15965619007CBDD3 /* CXMLElement_ElementTreeExtensions.h */ = {isa = PBXFileReference; fileEncoding = 4; lastKnownFileType = sourcecode.c.h; path = CXMLElement_ElementTreeExtensions.h; sourceTree = "<group>"; };
		2D28C65015965619007CBDD3 /* CXMLElement_ElementTreeExtensions.m */ = {isa = PBXFileReference; fileEncoding = 4; lastKnownFileType = sourcecode.c.objc; path = CXMLElement_ElementTreeExtensions.m; sourceTree = "<group>"; };
		2D28C65115965619007CBDD3 /* CXMLElement.h */ = {isa = PBXFileReference; fileEncoding = 4; lastKnownFileType = sourcecode.c.h; path = CXMLElement.h; sourceTree = "<group>"; };
		2D28C65215965619007CBDD3 /* CXMLElement.m */ = {isa = PBXFileReference; fileEncoding = 4; lastKnownFileType = sourcecode.c.objc; path = CXMLElement.m; sourceTree = "<group>"; };
		2D28C65315965619007CBDD3 /* CXMLNamespaceNode.h */ = {isa = PBXFileReference; fileEncoding = 4; lastKnownFileType = sourcecode.c.h; path = CXMLNamespaceNode.h; sourceTree = "<group>"; };
		2D28C65415965619007CBDD3 /* CXMLNamespaceNode.m */ = {isa = PBXFileReference; fileEncoding = 4; lastKnownFileType = sourcecode.c.objc; path = CXMLNamespaceNode.m; sourceTree = "<group>"; };
		2D28C65515965619007CBDD3 /* CXMLNode_PrivateExtensions.h */ = {isa = PBXFileReference; fileEncoding = 4; lastKnownFileType = sourcecode.c.h; path = CXMLNode_PrivateExtensions.h; sourceTree = "<group>"; };
		2D28C65615965619007CBDD3 /* CXMLNode_PrivateExtensions.m */ = {isa = PBXFileReference; fileEncoding = 4; lastKnownFileType = sourcecode.c.objc; path = CXMLNode_PrivateExtensions.m; sourceTree = "<group>"; };
		2D28C65715965619007CBDD3 /* CXMLNode_XPathExtensions.h */ = {isa = PBXFileReference; fileEncoding = 4; lastKnownFileType = sourcecode.c.h; path = CXMLNode_XPathExtensions.h; sourceTree = "<group>"; };
		2D28C65815965619007CBDD3 /* CXMLNode_XPathExtensions.m */ = {isa = PBXFileReference; fileEncoding = 4; lastKnownFileType = sourcecode.c.objc; path = CXMLNode_XPathExtensions.m; sourceTree = "<group>"; };
		2D28C65915965619007CBDD3 /* CXMLNode.h */ = {isa = PBXFileReference; fileEncoding = 4; lastKnownFileType = sourcecode.c.h; path = CXMLNode.h; sourceTree = "<group>"; };
		2D28C65A15965619007CBDD3 /* CXMLNode.m */ = {isa = PBXFileReference; fileEncoding = 4; lastKnownFileType = sourcecode.c.objc; path = CXMLNode.m; sourceTree = "<group>"; };
		2D28C65C15965619007CBDD3 /* CTidy.h */ = {isa = PBXFileReference; fileEncoding = 4; lastKnownFileType = sourcecode.c.h; path = CTidy.h; sourceTree = "<group>"; };
		2D28C65D15965619007CBDD3 /* CTidy.m */ = {isa = PBXFileReference; fileEncoding = 4; lastKnownFileType = sourcecode.c.objc; path = CTidy.m; sourceTree = "<group>"; };
		2D28C65E15965619007CBDD3 /* TouchXML.h */ = {isa = PBXFileReference; fileEncoding = 4; lastKnownFileType = sourcecode.c.h; path = TouchXML.h; sourceTree = "<group>"; };
		2D28C66C159660CE007CBDD3 /* WeatherViewController.h */ = {isa = PBXFileReference; fileEncoding = 4; lastKnownFileType = sourcecode.c.h; path = WeatherViewController.h; sourceTree = "<group>"; };
		2D28C66D159660CE007CBDD3 /* WeatherViewController.m */ = {isa = PBXFileReference; fileEncoding = 4; lastKnownFileType = sourcecode.c.objc; path = WeatherViewController.m; sourceTree = "<group>"; };
		2D28C66F1596618E007CBDD3 /* WeatherView.h */ = {isa = PBXFileReference; fileEncoding = 4; lastKnownFileType = sourcecode.c.h; path = WeatherView.h; sourceTree = "<group>"; };
		2D28C6701596618F007CBDD3 /* WeatherView.m */ = {isa = PBXFileReference; fileEncoding = 4; lastKnownFileType = sourcecode.c.objc; path = WeatherView.m; sourceTree = "<group>"; };
		2D28C67215966BF6007CBDD3 /* WeatherParser.h */ = {isa = PBXFileReference; fileEncoding = 4; lastKnownFileType = sourcecode.c.h; path = WeatherParser.h; sourceTree = "<group>"; };
		2D28C67315966BF7007CBDD3 /* WeatherParser.m */ = {isa = PBXFileReference; fileEncoding = 4; lastKnownFileType = sourcecode.c.objc; path = WeatherParser.m; sourceTree = "<group>"; };
		2D3C670B159007AA00082F80 /* NetworkHandler.h */ = {isa = PBXFileReference; fileEncoding = 4; lastKnownFileType = sourcecode.c.h; path = NetworkHandler.h; sourceTree = "<group>"; };
		2D3C670C159007AA00082F80 /* NetworkHandler.m */ = {isa = PBXFileReference; fileEncoding = 4; lastKnownFileType = sourcecode.c.objc; path = NetworkHandler.m; sourceTree = "<group>"; };
		2D793D90158E4C6D001A1ADB /* Pixel Weather.app */ = {isa = PBXFileReference; explicitFileType = wrapper.application; includeInIndex = 0; path = "Pixel Weather.app"; sourceTree = BUILT_PRODUCTS_DIR; };
		2D793D94158E4C6D001A1ADB /* UIKit.framework */ = {isa = PBXFileReference; lastKnownFileType = wrapper.framework; name = UIKit.framework; path = System/Library/Frameworks/UIKit.framework; sourceTree = SDKROOT; };
		2D793D96158E4C6D001A1ADB /* Foundation.framework */ = {isa = PBXFileReference; lastKnownFileType = wrapper.framework; name = Foundation.framework; path = System/Library/Frameworks/Foundation.framework; sourceTree = SDKROOT; };
		2D793D98158E4C6D001A1ADB /* CoreGraphics.framework */ = {isa = PBXFileReference; lastKnownFileType = wrapper.framework; name = CoreGraphics.framework; path = System/Library/Frameworks/CoreGraphics.framework; sourceTree = SDKROOT; };
		2D793D9A158E4C6D001A1ADB /* CoreData.framework */ = {isa = PBXFileReference; lastKnownFileType = wrapper.framework; name = CoreData.framework; path = System/Library/Frameworks/CoreData.framework; sourceTree = SDKROOT; };
		2D793D9E158E4C6D001A1ADB /* Pixel Weather-Info.plist */ = {isa = PBXFileReference; lastKnownFileType = text.plist.xml; path = "Pixel Weather-Info.plist"; sourceTree = "<group>"; };
		2D793DA0158E4C6D001A1ADB /* en */ = {isa = PBXFileReference; lastKnownFileType = text.plist.strings; name = en; path = en.lproj/InfoPlist.strings; sourceTree = "<group>"; };
		2D793DA2158E4C6D001A1ADB /* main.m */ = {isa = PBXFileReference; lastKnownFileType = sourcecode.c.objc; path = main.m; sourceTree = "<group>"; };
		2D793DA4158E4C6D001A1ADB /* Pixel Weather-Prefix.pch */ = {isa = PBXFileReference; lastKnownFileType = sourcecode.c.h; path = "Pixel Weather-Prefix.pch"; sourceTree = "<group>"; };
		2D793DA9158E4C6D001A1ADB /* Pixel_Weather.xcdatamodel */ = {isa = PBXFileReference; lastKnownFileType = wrapper.xcdatamodel; path = Pixel_Weather.xcdatamodel; sourceTree = "<group>"; };
		2D793DB0158E4C6D001A1ADB /* Pixel WeatherTests.octest */ = {isa = PBXFileReference; explicitFileType = wrapper.cfbundle; includeInIndex = 0; path = "Pixel WeatherTests.octest"; sourceTree = BUILT_PRODUCTS_DIR; };
		2D793DB1158E4C6D001A1ADB /* SenTestingKit.framework */ = {isa = PBXFileReference; lastKnownFileType = wrapper.framework; name = SenTestingKit.framework; path = Library/Frameworks/SenTestingKit.framework; sourceTree = DEVELOPER_DIR; };
		2D793DBA158E4C6E001A1ADB /* Pixel WeatherTests-Info.plist */ = {isa = PBXFileReference; lastKnownFileType = text.plist.xml; path = "Pixel WeatherTests-Info.plist"; sourceTree = "<group>"; };
		2D793DBC158E4C6E001A1ADB /* en */ = {isa = PBXFileReference; lastKnownFileType = text.plist.strings; name = en; path = en.lproj/InfoPlist.strings; sourceTree = "<group>"; };
		2D793DBE158E4C6E001A1ADB /* Pixel_WeatherTests.h */ = {isa = PBXFileReference; lastKnownFileType = sourcecode.c.h; path = Pixel_WeatherTests.h; sourceTree = "<group>"; };
		2D793DBF158E4C6E001A1ADB /* Pixel_WeatherTests.m */ = {isa = PBXFileReference; lastKnownFileType = sourcecode.c.objc; path = Pixel_WeatherTests.m; sourceTree = "<group>"; };
		2D793DCE158E623F001A1ADB /* LoadingController.h */ = {isa = PBXFileReference; fileEncoding = 4; lastKnownFileType = sourcecode.c.h; path = LoadingController.h; sourceTree = "<group>"; };
		2D793DCF158E623F001A1ADB /* LoadingController.m */ = {isa = PBXFileReference; fileEncoding = 4; lastKnownFileType = sourcecode.c.objc; path = LoadingController.m; sourceTree = "<group>"; };
		2D9807D115AE8BE400A99DDE /* WeatherTable.h */ = {isa = PBXFileReference; fileEncoding = 4; lastKnownFileType = sourcecode.c.h; path = WeatherTable.h; sourceTree = "<group>"; };
		2D9807D215AE8BE400A99DDE /* WeatherTable.m */ = {isa = PBXFileReference; fileEncoding = 4; lastKnownFileType = sourcecode.c.objc; path = WeatherTable.m; sourceTree = "<group>"; };
		2D9BB23A158E716D002E6694 /* alterebro-pixel-font.ttf */ = {isa = PBXFileReference; lastKnownFileType = file; path = "alterebro-pixel-font.ttf"; sourceTree = "<group>"; };
		2DF95DEE158E660C0067C439 /* PixelWeatherAppDelegate.h */ = {isa = PBXFileReference; fileEncoding = 4; lastKnownFileType = sourcecode.c.h; path = PixelWeatherAppDelegate.h; sourceTree = "<group>"; };
		2DF95DEF158E660C0067C439 /* PixelWeatherAppDelegate.m */ = {isa = PBXFileReference; fileEncoding = 4; lastKnownFileType = sourcecode.c.objc; path = PixelWeatherAppDelegate.m; sourceTree = "<group>"; };
/* End PBXFileReference section */

/* Begin PBXFrameworksBuildPhase section */
		2D793D8D158E4C6C001A1ADB /* Frameworks */ = {
			isa = PBXFrameworksBuildPhase;
			buildActionMask = 2147483647;
			files = (
				2D04B25B15902359006A1114 /* CoreLocation.framework in Frameworks */,
				2D04B253159016A5006A1114 /* SystemConfiguration.framework in Frameworks */,
				2D793D95158E4C6D001A1ADB /* UIKit.framework in Frameworks */,
				2D793D97158E4C6D001A1ADB /* Foundation.framework in Frameworks */,
				2D793D99158E4C6D001A1ADB /* CoreGraphics.framework in Frameworks */,
				2D793D9B158E4C6D001A1ADB /* CoreData.framework in Frameworks */,
				2D04B24815901396006A1114 /* CFNetwork.framework in Frameworks */,
			);
			runOnlyForDeploymentPostprocessing = 0;
		};
		2D793DAC158E4C6D001A1ADB /* Frameworks */ = {
			isa = PBXFrameworksBuildPhase;
			buildActionMask = 2147483647;
			files = (
				2D793DB2158E4C6D001A1ADB /* SenTestingKit.framework in Frameworks */,
				2D793DB3158E4C6D001A1ADB /* UIKit.framework in Frameworks */,
				2D793DB4158E4C6D001A1ADB /* Foundation.framework in Frameworks */,
				2D793DB5158E4C6D001A1ADB /* CoreData.framework in Frameworks */,
			);
			runOnlyForDeploymentPostprocessing = 0;
		};
/* End PBXFrameworksBuildPhase section */

/* Begin PBXGroup section */
		2D28C641159655E9007CBDD3 /* TouchXML */ = {
			isa = PBXGroup;
			children = (
				2D28C64215965619007CBDD3 /* Creation */,
				2D28C64715965619007CBDD3 /* CXHTMLDocument.h */,
				2D28C64815965619007CBDD3 /* CXHTMLDocument.m */,
				2D28C64915965619007CBDD3 /* CXMLDocument_PrivateExtensions.h */,
				2D28C64A15965619007CBDD3 /* CXMLDocument_PrivateExtensions.m */,
				2D28C64B15965619007CBDD3 /* CXMLDocument.h */,
				2D28C64C15965619007CBDD3 /* CXMLDocument.m */,
				2D28C64D15965619007CBDD3 /* CXMLElement_CreationExtensions.h */,
				2D28C64E15965619007CBDD3 /* CXMLElement_CreationExtensions.m */,
				2D28C64F15965619007CBDD3 /* CXMLElement_ElementTreeExtensions.h */,
				2D28C65015965619007CBDD3 /* CXMLElement_ElementTreeExtensions.m */,
				2D28C65115965619007CBDD3 /* CXMLElement.h */,
				2D28C65215965619007CBDD3 /* CXMLElement.m */,
				2D28C65315965619007CBDD3 /* CXMLNamespaceNode.h */,
				2D28C65415965619007CBDD3 /* CXMLNamespaceNode.m */,
				2D28C65515965619007CBDD3 /* CXMLNode_PrivateExtensions.h */,
				2D28C65615965619007CBDD3 /* CXMLNode_PrivateExtensions.m */,
				2D28C65715965619007CBDD3 /* CXMLNode_XPathExtensions.h */,
				2D28C65815965619007CBDD3 /* CXMLNode_XPathExtensions.m */,
				2D28C65915965619007CBDD3 /* CXMLNode.h */,
				2D28C65A15965619007CBDD3 /* CXMLNode.m */,
				2D28C65B15965619007CBDD3 /* Tidy */,
				2D28C65E15965619007CBDD3 /* TouchXML.h */,
			);
			name = TouchXML;
			sourceTree = "<group>";
		};
		2D28C64215965619007CBDD3 /* Creation */ = {
			isa = PBXGroup;
			children = (
				2D28C64315965619007CBDD3 /* CXMLDocument_CreationExtensions.h */,
				2D28C64415965619007CBDD3 /* CXMLDocument_CreationExtensions.m */,
				2D28C64515965619007CBDD3 /* CXMLNode_CreationExtensions.h */,
				2D28C64615965619007CBDD3 /* CXMLNode_CreationExtensions.m */,
			);
			path = Creation;
			sourceTree = "<group>";
		};
		2D28C65B15965619007CBDD3 /* Tidy */ = {
			isa = PBXGroup;
			children = (
				2D28C65C15965619007CBDD3 /* CTidy.h */,
				2D28C65D15965619007CBDD3 /* CTidy.m */,
			);
			path = Tidy;
			sourceTree = "<group>";
		};
		2D793D85158E4C6C001A1ADB = {
			isa = PBXGroup;
			children = (
				2D793D9C158E4C6D001A1ADB /* Pixel Weather */,
				2D793DB8158E4C6E001A1ADB /* Pixel WeatherTests */,
				2D793D93158E4C6D001A1ADB /* Frameworks */,
				2D793D91158E4C6D001A1ADB /* Products */,
			);
			sourceTree = "<group>";
		};
		2D793D91158E4C6D001A1ADB /* Products */ = {
			isa = PBXGroup;
			children = (
				2D793D90158E4C6D001A1ADB /* Pixel Weather.app */,
				2D793DB0158E4C6D001A1ADB /* Pixel WeatherTests.octest */,
			);
			name = Products;
			sourceTree = "<group>";
		};
		2D793D93158E4C6D001A1ADB /* Frameworks */ = {
			isa = PBXGroup;
			children = (
				2D04B25A15902359006A1114 /* CoreLocation.framework */,
				2D04B252159016A5006A1114 /* SystemConfiguration.framework */,
				2D04B24715901396006A1114 /* CFNetwork.framework */,
				2D793D94158E4C6D001A1ADB /* UIKit.framework */,
				2D793D96158E4C6D001A1ADB /* Foundation.framework */,
				2D793D98158E4C6D001A1ADB /* CoreGraphics.framework */,
				2D793D9A158E4C6D001A1ADB /* CoreData.framework */,
				2D793DB1158E4C6D001A1ADB /* SenTestingKit.framework */,
			);
			name = Frameworks;
			sourceTree = "<group>";
		};
		2D793D9C158E4C6D001A1ADB /* Pixel Weather */ = {
			isa = PBXGroup;
			children = (
				2D9807CC15AE222000A99DDE /* UI */,
				2D9BB23A158E716D002E6694 /* alterebro-pixel-font.ttf */,
				2D9807CF15AE227500A99DDE /* Device */,
				2D793DA8158E4C6D001A1ADB /* Pixel_Weather.xcdatamodeld */,
				2D9807D015AE229700A99DDE /* Parser */,
				2DF95DEE158E660C0067C439 /* PixelWeatherAppDelegate.h */,
				2DF95DEF158E660C0067C439 /* PixelWeatherAppDelegate.m */,
				2D793DA2158E4C6D001A1ADB /* main.m */,
				2D28C641159655E9007CBDD3 /* TouchXML */,
				2D793D9D158E4C6D001A1ADB /* Supporting Files */,
			);
			path = "Pixel Weather";
			sourceTree = "<group>";
		};
		2D793D9D158E4C6D001A1ADB /* Supporting Files */ = {
			isa = PBXGroup;
			children = (
				2D793D9E158E4C6D001A1ADB /* Pixel Weather-Info.plist */,
				2D793D9F158E4C6D001A1ADB /* InfoPlist.strings */,
				2D793DA4158E4C6D001A1ADB /* Pixel Weather-Prefix.pch */,
			);
			name = "Supporting Files";
			sourceTree = "<group>";
		};
		2D793DB8158E4C6E001A1ADB /* Pixel WeatherTests */ = {
			isa = PBXGroup;
			children = (
				2D793DBE158E4C6E001A1ADB /* Pixel_WeatherTests.h */,
				2D793DBF158E4C6E001A1ADB /* Pixel_WeatherTests.m */,
				2D793DB9158E4C6E001A1ADB /* Supporting Files */,
			);
			path = "Pixel WeatherTests";
			sourceTree = "<group>";
		};
		2D793DB9158E4C6E001A1ADB /* Supporting Files */ = {
			isa = PBXGroup;
			children = (
				2D793DBA158E4C6E001A1ADB /* Pixel WeatherTests-Info.plist */,
				2D793DBB158E4C6E001A1ADB /* InfoPlist.strings */,
			);
			name = "Supporting Files";
			sourceTree = "<group>";
		};
		2D9807CC15AE222000A99DDE /* UI */ = {
			isa = PBXGroup;
			children = (
				2D793DCE158E623F001A1ADB /* LoadingController.h */,
				2D793DCF158E623F001A1ADB /* LoadingController.m */,
				2D28C66C159660CE007CBDD3 /* WeatherViewController.h */,
				2D28C66D159660CE007CBDD3 /* WeatherViewController.m */,
				2D28C66F1596618E007CBDD3 /* WeatherView.h */,
				2D28C6701596618F007CBDD3 /* WeatherView.m */,
				2D9807D115AE8BE400A99DDE /* WeatherTable.h */,
				2D9807D215AE8BE400A99DDE /* WeatherTable.m */,
			);
			name = UI;
			sourceTree = "<group>";
		};
		2D9807CF15AE227500A99DDE /* Device */ = {
			isa = PBXGroup;
			children = (
				2D3C670B159007AA00082F80 /* NetworkHandler.h */,
				2D3C670C159007AA00082F80 /* NetworkHandler.m */,
				2D04B25C15902397006A1114 /* LocationHandler.h */,
				2D04B25D15902397006A1114 /* LocationHandler.m */,
			);
			name = Device;
			sourceTree = "<group>";
		};
		2D9807D015AE229700A99DDE /* Parser */ = {
			isa = PBXGroup;
			children = (
				2D28C67215966BF6007CBDD3 /* WeatherParser.h */,
				2D28C67315966BF7007CBDD3 /* WeatherParser.m */,
			);
			name = Parser;
			sourceTree = "<group>";
		};
/* End PBXGroup section */

/* Begin PBXNativeTarget section */
		2D793D8F158E4C6C001A1ADB /* Pixel Weather */ = {
			isa = PBXNativeTarget;
			buildConfigurationList = 2D793DC3158E4C6E001A1ADB /* Build configuration list for PBXNativeTarget "Pixel Weather" */;
			buildPhases = (
				2D793D8C158E4C6C001A1ADB /* Sources */,
				2D793D8D158E4C6C001A1ADB /* Frameworks */,
				2D793D8E158E4C6C001A1ADB /* Resources */,
			);
			buildRules = (
			);
			dependencies = (
			);
			name = "Pixel Weather";
			productName = "Pixel Weather";
			productReference = 2D793D90158E4C6D001A1ADB /* Pixel Weather.app */;
			productType = "com.apple.product-type.application";
		};
		2D793DAF158E4C6D001A1ADB /* Pixel WeatherTests */ = {
			isa = PBXNativeTarget;
			buildConfigurationList = 2D793DC6158E4C6E001A1ADB /* Build configuration list for PBXNativeTarget "Pixel WeatherTests" */;
			buildPhases = (
				2D793DAB158E4C6D001A1ADB /* Sources */,
				2D793DAC158E4C6D001A1ADB /* Frameworks */,
				2D793DAD158E4C6D001A1ADB /* Resources */,
				2D793DAE158E4C6D001A1ADB /* ShellScript */,
			);
			buildRules = (
			);
			dependencies = (
				2D793DB7158E4C6E001A1ADB /* PBXTargetDependency */,
			);
			name = "Pixel WeatherTests";
			productName = "Pixel WeatherTests";
			productReference = 2D793DB0158E4C6D001A1ADB /* Pixel WeatherTests.octest */;
			productType = "com.apple.product-type.bundle";
		};
/* End PBXNativeTarget section */

/* Begin PBXProject section */
		2D793D87158E4C6C001A1ADB /* Project object */ = {
			isa = PBXProject;
			attributes = {
				LastUpgradeCheck = 0450;
				ORGANIZATIONNAME = "colin gleeson";
			};
			buildConfigurationList = 2D793D8A158E4C6C001A1ADB /* Build configuration list for PBXProject "Pixel Weather" */;
			compatibilityVersion = "Xcode 3.2";
			developmentRegion = English;
			hasScannedForEncodings = 0;
			knownRegions = (
				en,
			);
			mainGroup = 2D793D85158E4C6C001A1ADB;
			productRefGroup = 2D793D91158E4C6D001A1ADB /* Products */;
			projectDirPath = "";
			projectRoot = "";
			targets = (
				2D793D8F158E4C6C001A1ADB /* Pixel Weather */,
				2D793DAF158E4C6D001A1ADB /* Pixel WeatherTests */,
			);
		};
/* End PBXProject section */

/* Begin PBXResourcesBuildPhase section */
		2D793D8E158E4C6C001A1ADB /* Resources */ = {
			isa = PBXResourcesBuildPhase;
			buildActionMask = 2147483647;
			files = (
				2D793DA1158E4C6D001A1ADB /* InfoPlist.strings in Resources */,
				2D9BB23B158E716D002E6694 /* alterebro-pixel-font.ttf in Resources */,
			);
			runOnlyForDeploymentPostprocessing = 0;
		};
		2D793DAD158E4C6D001A1ADB /* Resources */ = {
			isa = PBXResourcesBuildPhase;
			buildActionMask = 2147483647;
			files = (
				2D793DBD158E4C6E001A1ADB /* InfoPlist.strings in Resources */,
				2D9BB23C158E716D002E6694 /* alterebro-pixel-font.ttf in Resources */,
			);
			runOnlyForDeploymentPostprocessing = 0;
		};
/* End PBXResourcesBuildPhase section */

/* Begin PBXShellScriptBuildPhase section */
		2D793DAE158E4C6D001A1ADB /* ShellScript */ = {
			isa = PBXShellScriptBuildPhase;
			buildActionMask = 2147483647;
			files = (
			);
			inputPaths = (
			);
			outputPaths = (
			);
			runOnlyForDeploymentPostprocessing = 0;
			shellPath = /bin/sh;
			shellScript = "# Run the unit tests in this test bundle.\n\"${SYSTEM_DEVELOPER_DIR}/Tools/RunUnitTests\"\n";
		};
/* End PBXShellScriptBuildPhase section */

/* Begin PBXSourcesBuildPhase section */
		2D793D8C158E4C6C001A1ADB /* Sources */ = {
			isa = PBXSourcesBuildPhase;
			buildActionMask = 2147483647;
			files = (
				2D793DA3158E4C6D001A1ADB /* main.m in Sources */,
				2D793DAA158E4C6D001A1ADB /* Pixel_Weather.xcdatamodeld in Sources */,
				2D793DD0158E623F001A1ADB /* LoadingController.m in Sources */,
				2DF95DF0158E660C0067C439 /* PixelWeatherAppDelegate.m in Sources */,
				2D3C670D159007AA00082F80 /* NetworkHandler.m in Sources */,
				2D04B25E15902397006A1114 /* LocationHandler.m in Sources */,
				2D28C65F15965619007CBDD3 /* CXMLDocument_CreationExtensions.m in Sources */,
				2D28C66015965619007CBDD3 /* CXMLNode_CreationExtensions.m in Sources */,
				2D28C66115965619007CBDD3 /* CXHTMLDocument.m in Sources */,
				2D28C66215965619007CBDD3 /* CXMLDocument_PrivateExtensions.m in Sources */,
				2D28C66315965619007CBDD3 /* CXMLDocument.m in Sources */,
				2D28C66415965619007CBDD3 /* CXMLElement_CreationExtensions.m in Sources */,
				2D28C66515965619007CBDD3 /* CXMLElement_ElementTreeExtensions.m in Sources */,
				2D28C66615965619007CBDD3 /* CXMLElement.m in Sources */,
				2D28C66715965619007CBDD3 /* CXMLNamespaceNode.m in Sources */,
				2D28C66815965619007CBDD3 /* CXMLNode_PrivateExtensions.m in Sources */,
				2D28C66915965619007CBDD3 /* CXMLNode_XPathExtensions.m in Sources */,
				2D28C66A15965619007CBDD3 /* CXMLNode.m in Sources */,
				2D28C66B15965619007CBDD3 /* CTidy.m in Sources */,
				2D28C66E159660CF007CBDD3 /* WeatherViewController.m in Sources */,
				2D28C6711596618F007CBDD3 /* WeatherView.m in Sources */,
				2D28C67415966BF7007CBDD3 /* WeatherParser.m in Sources */,
				2D9807D315AE8BE500A99DDE /* WeatherTable.m in Sources */,
			);
			runOnlyForDeploymentPostprocessing = 0;
		};
		2D793DAB158E4C6D001A1ADB /* Sources */ = {
			isa = PBXSourcesBuildPhase;
			buildActionMask = 2147483647;
			files = (
				2D793DC0158E4C6E001A1ADB /* Pixel_WeatherTests.m in Sources */,
			);
			runOnlyForDeploymentPostprocessing = 0;
		};
/* End PBXSourcesBuildPhase section */

/* Begin PBXTargetDependency section */
		2D793DB7158E4C6E001A1ADB /* PBXTargetDependency */ = {
			isa = PBXTargetDependency;
			target = 2D793D8F158E4C6C001A1ADB /* Pixel Weather */;
			targetProxy = 2D793DB6158E4C6E001A1ADB /* PBXContainerItemProxy */;
		};
/* End PBXTargetDependency section */

/* Begin PBXVariantGroup section */
		2D793D9F158E4C6D001A1ADB /* InfoPlist.strings */ = {
			isa = PBXVariantGroup;
			children = (
				2D793DA0158E4C6D001A1ADB /* en */,
			);
			name = InfoPlist.strings;
			sourceTree = "<group>";
		};
		2D793DBB158E4C6E001A1ADB /* InfoPlist.strings */ = {
			isa = PBXVariantGroup;
			children = (
				2D793DBC158E4C6E001A1ADB /* en */,
			);
			name = InfoPlist.strings;
			sourceTree = "<group>";
		};
/* End PBXVariantGroup section */

/* Begin XCBuildConfiguration section */
		2D793DC1158E4C6E001A1ADB /* Debug */ = {
			isa = XCBuildConfiguration;
			buildSettings = {
				ALWAYS_SEARCH_USER_PATHS = NO;
				CLANG_CXX_LANGUAGE_STANDARD = "gnu++0x";
				CLANG_ENABLE_OBJC_ARC = YES;
				CLANG_WARN__DUPLICATE_METHOD_MATCH = YES;
				"CODE_SIGN_IDENTITY[sdk=iphoneos*]" = "iPhone Developer";
				COPY_PHASE_STRIP = NO;
				GCC_C_LANGUAGE_STANDARD = gnu99;
				GCC_DYNAMIC_NO_PIC = NO;
				GCC_OPTIMIZATION_LEVEL = 0;
				GCC_PREPROCESSOR_DEFINITIONS = (
					"DEBUG=1",
					"$(inherited)",
				);
				GCC_SYMBOLS_PRIVATE_EXTERN = NO;
				GCC_WARN_ABOUT_RETURN_TYPE = YES;
				GCC_WARN_UNINITIALIZED_AUTOS = YES;
				GCC_WARN_UNUSED_VARIABLE = YES;
				IPHONEOS_DEPLOYMENT_TARGET = 6.0;
				SDKROOT = iphoneos;
				TARGETED_DEVICE_FAMILY = 2;
			};
			name = Debug;
		};
		2D793DC2158E4C6E001A1ADB /* Release */ = {
			isa = XCBuildConfiguration;
			buildSettings = {
				ALWAYS_SEARCH_USER_PATHS = NO;
				CLANG_CXX_LANGUAGE_STANDARD = "gnu++0x";
				CLANG_ENABLE_OBJC_ARC = YES;
				CLANG_WARN__DUPLICATE_METHOD_MATCH = YES;
				"CODE_SIGN_IDENTITY[sdk=iphoneos*]" = "iPhone Developer";
				COPY_PHASE_STRIP = YES;
				GCC_C_LANGUAGE_STANDARD = gnu99;
				GCC_WARN_ABOUT_RETURN_TYPE = YES;
				GCC_WARN_UNINITIALIZED_AUTOS = YES;
				GCC_WARN_UNUSED_VARIABLE = YES;
				IPHONEOS_DEPLOYMENT_TARGET = 6.0;
				OTHER_CFLAGS = "-DNS_BLOCK_ASSERTIONS=1";
				SDKROOT = iphoneos;
				TARGETED_DEVICE_FAMILY = 2;
				VALIDATE_PRODUCT = YES;
			};
			name = Release;
		};
		2D793DC4158E4C6E001A1ADB /* Debug */ = {
			isa = XCBuildConfiguration;
			buildSettings = {
				FRAMEWORK_SEARCH_PATHS = (
					"$(inherited)",
					"\"$(SRCROOT)\"",
				);
				GCC_PRECOMPILE_PREFIX_HEADER = YES;
				GCC_PREFIX_HEADER = "Pixel Weather/Pixel Weather-Prefix.pch";
				HEADER_SEARCH_PATHS = /usr/include/libxml2;
				INFOPLIST_FILE = "Pixel Weather/Pixel Weather-Info.plist";
				OTHER_LDFLAGS = "-lxml2";
				PRODUCT_NAME = "$(TARGET_NAME)";
				TARGETED_DEVICE_FAMILY = 1;
				WRAPPER_EXTENSION = app;
			};
			name = Debug;
		};
		2D793DC5158E4C6E001A1ADB /* Release */ = {
			isa = XCBuildConfiguration;
			buildSettings = {
				FRAMEWORK_SEARCH_PATHS = (
					"$(inherited)",
					"\"$(SRCROOT)\"",
				);
				GCC_PRECOMPILE_PREFIX_HEADER = YES;
				GCC_PREFIX_HEADER = "Pixel Weather/Pixel Weather-Prefix.pch";
				HEADER_SEARCH_PATHS = /usr/include/libxml2;
				INFOPLIST_FILE = "Pixel Weather/Pixel Weather-Info.plist";
				OTHER_LDFLAGS = "-lxml2";
				PRODUCT_NAME = "$(TARGET_NAME)";
				TARGETED_DEVICE_FAMILY = 1;
				WRAPPER_EXTENSION = app;
			};
			name = Release;
		};
		2D793DC7158E4C6E001A1ADB /* Debug */ = {
			isa = XCBuildConfiguration;
			buildSettings = {
				BUNDLE_LOADER = "$(BUILT_PRODUCTS_DIR)/Pixel Weather.app/Pixel Weather";
				FRAMEWORK_SEARCH_PATHS = (
					"\"$(SDKROOT)/Developer/Library/Frameworks\"",
					"\"$(DEVELOPER_LIBRARY_DIR)/Frameworks\"",
				);
				GCC_PRECOMPILE_PREFIX_HEADER = YES;
				GCC_PREFIX_HEADER = "Pixel Weather/Pixel Weather-Prefix.pch";
				INFOPLIST_FILE = "Pixel WeatherTests/Pixel WeatherTests-Info.plist";
				PRODUCT_NAME = "$(TARGET_NAME)";
				TEST_HOST = "$(BUNDLE_LOADER)";
				WRAPPER_EXTENSION = octest;
			};
			name = Debug;
		};
		2D793DC8158E4C6E001A1ADB /* Release */ = {
			isa = XCBuildConfiguration;
			buildSettings = {
				BUNDLE_LOADER = "$(BUILT_PRODUCTS_DIR)/Pixel Weather.app/Pixel Weather";
				FRAMEWORK_SEARCH_PATHS = (
					"\"$(SDKROOT)/Developer/Library/Frameworks\"",
					"\"$(DEVELOPER_LIBRARY_DIR)/Frameworks\"",
				);
				GCC_PRECOMPILE_PREFIX_HEADER = YES;
				GCC_PREFIX_HEADER = "Pixel Weather/Pixel Weather-Prefix.pch";
				INFOPLIST_FILE = "Pixel WeatherTests/Pixel WeatherTests-Info.plist";
				PRODUCT_NAME = "$(TARGET_NAME)";
				TEST_HOST = "$(BUNDLE_LOADER)";
				WRAPPER_EXTENSION = octest;
			};
			name = Release;
		};
/* End XCBuildConfiguration section */

/* Begin XCConfigurationList section */
		2D793D8A158E4C6C001A1ADB /* Build configuration list for PBXProject "Pixel Weather" */ = {
			isa = XCConfigurationList;
			buildConfigurations = (
				2D793DC1158E4C6E001A1ADB /* Debug */,
				2D793DC2158E4C6E001A1ADB /* Release */,
			);
			defaultConfigurationIsVisible = 0;
			defaultConfigurationName = Release;
		};
		2D793DC3158E4C6E001A1ADB /* Build configuration list for PBXNativeTarget "Pixel Weather" */ = {
			isa = XCConfigurationList;
			buildConfigurations = (
				2D793DC4158E4C6E001A1ADB /* Debug */,
				2D793DC5158E4C6E001A1ADB /* Release */,
			);
			defaultConfigurationIsVisible = 0;
			defaultConfigurationName = Release;
		};
		2D793DC6158E4C6E001A1ADB /* Build configuration list for PBXNativeTarget "Pixel WeatherTests" */ = {
			isa = XCConfigurationList;
			buildConfigurations = (
				2D793DC7158E4C6E001A1ADB /* Debug */,
				2D793DC8158E4C6E001A1ADB /* Release */,
			);
			defaultConfigurationIsVisible = 0;
			defaultConfigurationName = Release;
		};
/* End XCConfigurationList section */

/* Begin XCVersionGroup section */
		2D793DA8158E4C6D001A1ADB /* Pixel_Weather.xcdatamodeld */ = {
			isa = XCVersionGroup;
			children = (
				2D793DA9158E4C6D001A1ADB /* Pixel_Weather.xcdatamodel */,
			);
			currentVersion = 2D793DA9158E4C6D001A1ADB /* Pixel_Weather.xcdatamodel */;
			path = Pixel_Weather.xcdatamodeld;
			sourceTree = "<group>";
			versionGroupType = wrapper.xcdatamodel;
		};
/* End XCVersionGroup section */
	};
	rootObject = 2D793D87158E4C6C001A1ADB /* Project object */;
}
